{
  "name": "keystone2",
  "lockfileVersion": 3,
  "requires": true,
  "packages": {
    "": {
      "dependencies": {
        "@heroicons/react": "^2.1.5",
        "react-icons": "^5.3.0"
      }
    },
    "node_modules/@heroicons/react": {
      "version": "2.1.5",
      "resolved": "https://registry.npmjs.org/@heroicons/react/-/react-2.1.5.tgz",
      "integrity": "sha512-FuzFN+BsHa+7OxbvAERtgBTNeZpUjgM/MIizfVkSCL2/edriN0Hx/DWRCR//aPYwO5QX/YlgLGXk+E3PcfZwjA==",
      "peerDependencies": {
        "react": ">= 16"
      }
    },
    "node_modules/react": {
      "version": "19.0.0",
      "resolved": "https://registry.npmjs.org/react/-/react-19.0.0.tgz",
      "integrity": "sha512-V8AVnmPIICiWpGfm6GLzCR/W5FXLchHop40W4nXBmdlEceh16rCN8O8LNWm5bh5XUX91fh7KpA+W0TgMKmgTpQ==",
      "license": "MIT",
      "peer": true,
      "engines": {
        "node": ">=0.10.0"
      }
    },
    "node_modules/react-icons": {
      "version": "5.3.0",
      "resolved": "https://registry.npmjs.org/react-icons/-/react-icons-5.3.0.tgz",
      "integrity": "sha512-DnUk8aFbTyQPSkCfF8dbX6kQjXA9DktMeJqfjrg6cK9vwQVMxmcA3BfP4QoiztVmEHtwlTgLFsPuH2NskKT6eg==",
      "peerDependencies": {
        "react": "*"
      }
    }
  }
}
